
Microsoft Visual Studio Solution File, Format Version 12.00
# Visual Studio 2012
Project("{FAE04EC0-301F-11D3-BF4B-00C04F79EFBC}") = "Web_Senior_Project", "Web_Senior_Project\Web_Senior_Project.csproj", "{1A07DA73-1FF3-4441-A8CE-1F4FB9714613}"
EndProject
Global
	GlobalSection(SolutionConfigurationPlatforms) = preSolution
		Debug|Any CPU = Debug|Any CPU
		Release|Any CPU = Release|Any CPU
	EndGlobalSection
	GlobalSection(ProjectConfigurationPlatforms) = postSolution
		{1A07DA73-1FF3-4441-A8CE-1F4FB9714613}.Debug|Any CPU.ActiveCfg = Debug|Any CPU
		{1A07DA73-1FF3-4441-A8CE-1F4FB9714613}.Debug|Any CPU.Build.0 = Debug|Any CPU
		{1A07DA73-1FF3-4441-A8CE-1F4FB9714613}.Release|Any CPU.ActiveCfg = Release|Any CPU
		{1A07DA73-1FF3-4441-A8CE-1F4FB9714613}.Release|Any CPU.Build.0 = Release|Any CPU
	EndGlobalSection
	GlobalSection(SolutionProperties) = preSolution
		HideSolutionNode = FALSE
	EndGlobalSection
EndGlobal
